// !$*UTF8*$!
{
	archiveVersion = 1;
	classes = {
	};
	objectVersion = 55;
	objects = {

/* Begin PBXBuildFile section */
		7EBA59BA284BA55500CEA6C0 /* AppDelegate.swift in Sources */ = {isa = PBXBuildFile; fileRef = 7EBA59B9284BA55500CEA6C0 /* AppDelegate.swift */; };
		7EBA59BC284BA55500CEA6C0 /* SceneDelegate.swift in Sources */ = {isa = PBXBuildFile; fileRef = 7EBA59BB284BA55500CEA6C0 /* SceneDelegate.swift */; };
		7EBA59C3284BA55700CEA6C0 /* Assets.xcassets in Resources */ = {isa = PBXBuildFile; fileRef = 7EBA59C2284BA55700CEA6C0 /* Assets.xcassets */; };
		7EBA59C6284BA55700CEA6C0 /* LaunchScreen.storyboard in Resources */ = {isa = PBXBuildFile; fileRef = 7EBA59C4284BA55700CEA6C0 /* LaunchScreen.storyboard */; };
		7EBA59D1284BA55800CEA6C0 /* PrimerDemoTests.swift in Sources */ = {isa = PBXBuildFile; fileRef = 7EBA59D0284BA55800CEA6C0 /* PrimerDemoTests.swift */; };
		7EBA59DB284BA55800CEA6C0 /* PrimerDemoUITests.swift in Sources */ = {isa = PBXBuildFile; fileRef = 7EBA59DA284BA55800CEA6C0 /* PrimerDemoUITests.swift */; };
		7EBA59DD284BA55800CEA6C0 /* PrimerDemoUITestsLaunchTests.swift in Sources */ = {isa = PBXBuildFile; fileRef = 7EBA59DC284BA55800CEA6C0 /* PrimerDemoUITestsLaunchTests.swift */; };
		7EBA59ED284BA5EF00CEA6C0 /* Primer in Frameworks */ = {isa = PBXBuildFile; productRef = 7EBA59EC284BA5EF00CEA6C0 /* Primer */; };
/* End PBXBuildFile section */

/* Begin PBXContainerItemProxy section */
		7EBA59CD284BA55800CEA6C0 /* PBXContainerItemProxy */ = {
			isa = PBXContainerItemProxy;
			containerPortal = 7EBA59AE284BA55500CEA6C0 /* Project object */;
			proxyType = 1;
			remoteGlobalIDString = 7EBA59B5284BA55500CEA6C0;
			remoteInfo = PrimerDemo;
		};
		7EBA59D7284BA55800CEA6C0 /* PBXContainerItemProxy */ = {
			isa = PBXContainerItemProxy;
			containerPortal = 7EBA59AE284BA55500CEA6C0 /* Project object */;
			proxyType = 1;
			remoteGlobalIDString = 7EBA59B5284BA55500CEA6C0;
			remoteInfo = PrimerDemo;
		};
/* End PBXContainerItemProxy section */

/* Begin PBXFileReference section */
		7EBA59B6284BA55500CEA6C0 /* PrimerDemo.app */ = {isa = PBXFileReference; explicitFileType = wrapper.application; includeInIndex = 0; path = PrimerDemo.app; sourceTree = BUILT_PRODUCTS_DIR; };
		7EBA59B9284BA55500CEA6C0 /* AppDelegate.swift */ = {isa = PBXFileReference; lastKnownFileType = sourcecode.swift; path = AppDelegate.swift; sourceTree = "<group>"; };
		7EBA59BB284BA55500CEA6C0 /* SceneDelegate.swift */ = {isa = PBXFileReference; lastKnownFileType = sourcecode.swift; path = SceneDelegate.swift; sourceTree = "<group>"; };
		7EBA59C2284BA55700CEA6C0 /* Assets.xcassets */ = {isa = PBXFileReference; lastKnownFileType = folder.assetcatalog; path = Assets.xcassets; sourceTree = "<group>"; };
		7EBA59C5284BA55700CEA6C0 /* Base */ = {isa = PBXFileReference; lastKnownFileType = file.storyboard; name = Base; path = Base.lproj/LaunchScreen.storyboard; sourceTree = "<group>"; };
		7EBA59C7284BA55700CEA6C0 /* Info.plist */ = {isa = PBXFileReference; lastKnownFileType = text.plist.xml; path = Info.plist; sourceTree = "<group>"; };
		7EBA59CC284BA55800CEA6C0 /* PrimerDemoTests.xctest */ = {isa = PBXFileReference; explicitFileType = wrapper.cfbundle; includeInIndex = 0; path = PrimerDemoTests.xctest; sourceTree = BUILT_PRODUCTS_DIR; };
		7EBA59D0284BA55800CEA6C0 /* PrimerDemoTests.swift */ = {isa = PBXFileReference; lastKnownFileType = sourcecode.swift; path = PrimerDemoTests.swift; sourceTree = "<group>"; };
		7EBA59D6284BA55800CEA6C0 /* PrimerDemoUITests.xctest */ = {isa = PBXFileReference; explicitFileType = wrapper.cfbundle; includeInIndex = 0; path = PrimerDemoUITests.xctest; sourceTree = BUILT_PRODUCTS_DIR; };
		7EBA59DA284BA55800CEA6C0 /* PrimerDemoUITests.swift */ = {isa = PBXFileReference; lastKnownFileType = sourcecode.swift; path = PrimerDemoUITests.swift; sourceTree = "<group>"; };
		7EBA59DC284BA55800CEA6C0 /* PrimerDemoUITestsLaunchTests.swift */ = {isa = PBXFileReference; lastKnownFileType = sourcecode.swift; path = PrimerDemoUITestsLaunchTests.swift; sourceTree = "<group>"; };
		7EBA59EA284BA59F00CEA6C0 /* Primer */ = {isa = PBXFileReference; lastKnownFileType = wrapper; name = Primer; path = ..; sourceTree = "<group>"; };
/* End PBXFileReference section */

/* Begin PBXFrameworksBuildPhase section */
		7EBA59B3284BA55500CEA6C0 /* Frameworks */ = {
			isa = PBXFrameworksBuildPhase;
			buildActionMask = 2147483647;
			files = (
				7EBA59ED284BA5EF00CEA6C0 /* Primer in Frameworks */,
			);
			runOnlyForDeploymentPostprocessing = 0;
		};
		7EBA59C9284BA55800CEA6C0 /* Frameworks */ = {
			isa = PBXFrameworksBuildPhase;
			buildActionMask = 2147483647;
			files = (
			);
			runOnlyForDeploymentPostprocessing = 0;
		};
		7EBA59D3284BA55800CEA6C0 /* Frameworks */ = {
			isa = PBXFrameworksBuildPhase;
			buildActionMask = 2147483647;
			files = (
			);
			runOnlyForDeploymentPostprocessing = 0;
		};
/* End PBXFrameworksBuildPhase section */

/* Begin PBXGroup section */
		7EBA59AD284BA55500CEA6C0 = {
			isa = PBXGroup;
			children = (
				7EBA59E9284BA59F00CEA6C0 /* Packages */,
				7EBA59B8284BA55500CEA6C0 /* PrimerDemo */,
				7EBA59CF284BA55800CEA6C0 /* PrimerDemoTests */,
				7EBA59D9284BA55800CEA6C0 /* PrimerDemoUITests */,
				7EBA59B7284BA55500CEA6C0 /* Products */,
				7EBA59EB284BA5EF00CEA6C0 /* Frameworks */,
			);
			sourceTree = "<group>";
		};
		7EBA59B7284BA55500CEA6C0 /* Products */ = {
			isa = PBXGroup;
			children = (
				7EBA59B6284BA55500CEA6C0 /* PrimerDemo.app */,
				7EBA59CC284BA55800CEA6C0 /* PrimerDemoTests.xctest */,
				7EBA59D6284BA55800CEA6C0 /* PrimerDemoUITests.xctest */,
			);
			name = Products;
			sourceTree = "<group>";
		};
		7EBA59B8284BA55500CEA6C0 /* PrimerDemo */ = {
			isa = PBXGroup;
			children = (
				7EBA59B9284BA55500CEA6C0 /* AppDelegate.swift */,
				7EBA59BB284BA55500CEA6C0 /* SceneDelegate.swift */,
				7EBA59C2284BA55700CEA6C0 /* Assets.xcassets */,
				7EBA59C4284BA55700CEA6C0 /* LaunchScreen.storyboard */,
				7EBA59C7284BA55700CEA6C0 /* Info.plist */,
			);
			path = PrimerDemo;
			sourceTree = "<group>";
		};
		7EBA59CF284BA55800CEA6C0 /* PrimerDemoTests */ = {
			isa = PBXGroup;
			children = (
				7EBA59D0284BA55800CEA6C0 /* PrimerDemoTests.swift */,
			);
			path = PrimerDemoTests;
			sourceTree = "<group>";
		};
		7EBA59D9284BA55800CEA6C0 /* PrimerDemoUITests */ = {
			isa = PBXGroup;
			children = (
				7EBA59DA284BA55800CEA6C0 /* PrimerDemoUITests.swift */,
				7EBA59DC284BA55800CEA6C0 /* PrimerDemoUITestsLaunchTests.swift */,
			);
			path = PrimerDemoUITests;
			sourceTree = "<group>";
		};
		7EBA59E9284BA59F00CEA6C0 /* Packages */ = {
			isa = PBXGroup;
			children = (
				7EBA59EA284BA59F00CEA6C0 /* Primer */,
			);
			name = Packages;
			sourceTree = "<group>";
		};
		7EBA59EB284BA5EF00CEA6C0 /* Frameworks */ = {
			isa = PBXGroup;
			children = (
			);
			name = Frameworks;
			sourceTree = "<group>";
		};
/* End PBXGroup section */

/* Begin PBXNativeTarget section */
		7EBA59B5284BA55500CEA6C0 /* PrimerDemo */ = {
			isa = PBXNativeTarget;
			buildConfigurationList = 7EBA59E0284BA55800CEA6C0 /* Build configuration list for PBXNativeTarget "PrimerDemo" */;
			buildPhases = (
				7EBA59B2284BA55500CEA6C0 /* Sources */,
				7EBA59B3284BA55500CEA6C0 /* Frameworks */,
				7EBA59B4284BA55500CEA6C0 /* Resources */,
			);
			buildRules = (
			);
			dependencies = (
			);
			name = PrimerDemo;
			packageProductDependencies = (
				7EBA59EC284BA5EF00CEA6C0 /* Primer */,
			);
			productName = PrimerDemo;
			productReference = 7EBA59B6284BA55500CEA6C0 /* PrimerDemo.app */;
			productType = "com.apple.product-type.application";
		};
		7EBA59CB284BA55800CEA6C0 /* PrimerDemoTests */ = {
			isa = PBXNativeTarget;
			buildConfigurationList = 7EBA59E3284BA55800CEA6C0 /* Build configuration list for PBXNativeTarget "PrimerDemoTests" */;
			buildPhases = (
				7EBA59C8284BA55800CEA6C0 /* Sources */,
				7EBA59C9284BA55800CEA6C0 /* Frameworks */,
				7EBA59CA284BA55800CEA6C0 /* Resources */,
			);
			buildRules = (
			);
			dependencies = (
				7EBA59CE284BA55800CEA6C0 /* PBXTargetDependency */,
			);
			name = PrimerDemoTests;
			productName = PrimerDemoTests;
			productReference = 7EBA59CC284BA55800CEA6C0 /* PrimerDemoTests.xctest */;
			productType = "com.apple.product-type.bundle.unit-test";
		};
		7EBA59D5284BA55800CEA6C0 /* PrimerDemoUITests */ = {
			isa = PBXNativeTarget;
			buildConfigurationList = 7EBA59E6284BA55800CEA6C0 /* Build configuration list for PBXNativeTarget "PrimerDemoUITests" */;
			buildPhases = (
				7EBA59D2284BA55800CEA6C0 /* Sources */,
				7EBA59D3284BA55800CEA6C0 /* Frameworks */,
				7EBA59D4284BA55800CEA6C0 /* Resources */,
			);
			buildRules = (
			);
			dependencies = (
				7EBA59D8284BA55800CEA6C0 /* PBXTargetDependency */,
			);
			name = PrimerDemoUITests;
			productName = PrimerDemoUITests;
			productReference = 7EBA59D6284BA55800CEA6C0 /* PrimerDemoUITests.xctest */;
			productType = "com.apple.product-type.bundle.ui-testing";
		};
/* End PBXNativeTarget section */

/* Begin PBXProject section */
		7EBA59AE284BA55500CEA6C0 /* Project object */ = {
			isa = PBXProject;
			attributes = {
				BuildIndependentTargetsInParallel = 1;
				LastSwiftUpdateCheck = 1320;
				LastUpgradeCheck = 1320;
				TargetAttributes = {
					7EBA59B5284BA55500CEA6C0 = {
						CreatedOnToolsVersion = 13.2.1;
					};
					7EBA59CB284BA55800CEA6C0 = {
						CreatedOnToolsVersion = 13.2.1;
						TestTargetID = 7EBA59B5284BA55500CEA6C0;
					};
					7EBA59D5284BA55800CEA6C0 = {
						CreatedOnToolsVersion = 13.2.1;
						TestTargetID = 7EBA59B5284BA55500CEA6C0;
					};
				};
			};
			buildConfigurationList = 7EBA59B1284BA55500CEA6C0 /* Build configuration list for PBXProject "PrimerDemo" */;
			compatibilityVersion = "Xcode 13.0";
			developmentRegion = en;
			hasScannedForEncodings = 0;
			knownRegions = (
				en,
				Base,
			);
			mainGroup = 7EBA59AD284BA55500CEA6C0;
			productRefGroup = 7EBA59B7284BA55500CEA6C0 /* Products */;
			projectDirPath = "";
			projectRoot = "";
			targets = (
				7EBA59B5284BA55500CEA6C0 /* PrimerDemo */,
				7EBA59CB284BA55800CEA6C0 /* PrimerDemoTests */,
				7EBA59D5284BA55800CEA6C0 /* PrimerDemoUITests */,
			);
		};
/* End PBXProject section */

/* Begin PBXResourcesBuildPhase section */
		7EBA59B4284BA55500CEA6C0 /* Resources */ = {
			isa = PBXResourcesBuildPhase;
			buildActionMask = 2147483647;
			files = (
				7EBA59C6284BA55700CEA6C0 /* LaunchScreen.storyboard in Resources */,
				7EBA59C3284BA55700CEA6C0 /* Assets.xcassets in Resources */,
			);
			runOnlyForDeploymentPostprocessing = 0;
		};
		7EBA59CA284BA55800CEA6C0 /* Resources */ = {
			isa = PBXResourcesBuildPhase;
			buildActionMask = 2147483647;
			files = (
			);
			runOnlyForDeploymentPostprocessing = 0;
		};
		7EBA59D4284BA55800CEA6C0 /* Resources */ = {
			isa = PBXResourcesBuildPhase;
			buildActionMask = 2147483647;
			files = (
			);
			runOnlyForDeploymentPostprocessing = 0;
		};
/* End PBXResourcesBuildPhase section */

/* Begin PBXSourcesBuildPhase section */
		7EBA59B2284BA55500CEA6C0 /* Sources */ = {
			isa = PBXSourcesBuildPhase;
			buildActionMask = 2147483647;
			files = (
				7EBA59BA284BA55500CEA6C0 /* AppDelegate.swift in Sources */,
				7EBA59BC284BA55500CEA6C0 /* SceneDelegate.swift in Sources */,
			);
			runOnlyForDeploymentPostprocessing = 0;
		};
		7EBA59C8284BA55800CEA6C0 /* Sources */ = {
			isa = PBXSourcesBuildPhase;
			buildActionMask = 2147483647;
			files = (
				7EBA59D1284BA55800CEA6C0 /* PrimerDemoTests.swift in Sources */,
			);
			runOnlyForDeploymentPostprocessing = 0;
		};
		7EBA59D2284BA55800CEA6C0 /* Sources */ = {
			isa = PBXSourcesBuildPhase;
			buildActionMask = 2147483647;
			files = (
				7EBA59DD284BA55800CEA6C0 /* PrimerDemoUITestsLaunchTests.swift in Sources */,
				7EBA59DB284BA55800CEA6C0 /* PrimerDemoUITests.swift in Sources */,
			);
			runOnlyForDeploymentPostprocessing = 0;
		};
/* End PBXSourcesBuildPhase section */

/* Begin PBXTargetDependency section */
		7EBA59CE284BA55800CEA6C0 /* PBXTargetDependency */ = {
			isa = PBXTargetDependency;
			target = 7EBA59B5284BA55500CEA6C0 /* PrimerDemo */;
			targetProxy = 7EBA59CD284BA55800CEA6C0 /* PBXContainerItemProxy */;
		};
		7EBA59D8284BA55800CEA6C0 /* PBXTargetDependency */ = {
			isa = PBXTargetDependency;
			target = 7EBA59B5284BA55500CEA6C0 /* PrimerDemo */;
			targetProxy = 7EBA59D7284BA55800CEA6C0 /* PBXContainerItemProxy */;
		};
/* End PBXTargetDependency section */

/* Begin PBXVariantGroup section */
		7EBA59C4284BA55700CEA6C0 /* LaunchScreen.storyboard */ = {
			isa = PBXVariantGroup;
			children = (
				7EBA59C5284BA55700CEA6C0 /* Base */,
			);
			name = LaunchScreen.storyboard;
			sourceTree = "<group>";
		};
/* End PBXVariantGroup section */

/* Begin XCBuildConfiguration section */
		7EBA59DE284BA55800CEA6C0 /* Debug */ = {
			isa = XCBuildConfiguration;
			buildSettings = {
				ALWAYS_SEARCH_USER_PATHS = NO;
				CLANG_ANALYZER_NONNULL = YES;
				CLANG_ANALYZER_NUMBER_OBJECT_CONVERSION = YES_AGGRESSIVE;
				CLANG_CXX_LANGUAGE_STANDARD = "gnu++17";
				CLANG_CXX_LIBRARY = "libc++";
				CLANG_ENABLE_MODULES = YES;
				CLANG_ENABLE_OBJC_ARC = YES;
				CLANG_ENABLE_OBJC_WEAK = YES;
				CLANG_WARN_BLOCK_CAPTURE_AUTORELEASING = YES;
				CLANG_WARN_BOOL_CONVERSION = YES;
				CLANG_WARN_COMMA = YES;
				CLANG_WARN_CONSTANT_CONVERSION = YES;
				CLANG_WARN_DEPRECATED_OBJC_IMPLEMENTATIONS = YES;
				CLANG_WARN_DIRECT_OBJC_ISA_USAGE = YES_ERROR;
				CLANG_WARN_DOCUMENTATION_COMMENTS = YES;
				CLANG_WARN_EMPTY_BODY = YES;
				CLANG_WARN_ENUM_CONVERSION = YES;
				CLANG_WARN_INFINITE_RECURSION = YES;
				CLANG_WARN_INT_CONVERSION = YES;
				CLANG_WARN_NON_LITERAL_NULL_CONVERSION = YES;
				CLANG_WARN_OBJC_IMPLICIT_RETAIN_SELF = YES;
				CLANG_WARN_OBJC_LITERAL_CONVERSION = YES;
				CLANG_WARN_OBJC_ROOT_CLASS = YES_ERROR;
				CLANG_WARN_QUOTED_INCLUDE_IN_FRAMEWORK_HEADER = YES;
				CLANG_WARN_RANGE_LOOP_ANALYSIS = YES;
				CLANG_WARN_STRICT_PROTOTYPES = YES;
				CLANG_WARN_SUSPICIOUS_MOVE = YES;
				CLANG_WARN_UNGUARDED_AVAILABILITY = YES_AGGRESSIVE;
				CLANG_WARN_UNREACHABLE_CODE = YES;
				CLANG_WARN__DUPLICATE_METHOD_MATCH = YES;
				COPY_PHASE_STRIP = NO;
				DEBUG_INFORMATION_FORMAT = dwarf;
				ENABLE_STRICT_OBJC_MSGSEND = YES;
				ENABLE_TESTABILITY = YES;
				GCC_C_LANGUAGE_STANDARD = gnu11;
				GCC_DYNAMIC_NO_PIC = NO;
				GCC_NO_COMMON_BLOCKS = YES;
				GCC_OPTIMIZATION_LEVEL = 0;
				GCC_PREPROCESSOR_DEFINITIONS = (
					"DEBUG=1",
					"$(inherited)",
				);
				GCC_WARN_64_TO_32_BIT_CONVERSION = YES;
				GCC_WARN_ABOUT_RETURN_TYPE = YES_ERROR;
				GCC_WARN_UNDECLARED_SELECTOR = YES;
				GCC_WARN_UNINITIALIZED_AUTOS = YES_AGGRESSIVE;
				GCC_WARN_UNUSED_FUNCTION = YES;
				GCC_WARN_UNUSED_VARIABLE = YES;
				IPHONEOS_DEPLOYMENT_TARGET = 15.2;
				MTL_ENABLE_DEBUG_INFO = INCLUDE_SOURCE;
				MTL_FAST_MATH = YES;
				ONLY_ACTIVE_ARCH = YES;
				SDKROOT = iphoneos;
				SWIFT_ACTIVE_COMPILATION_CONDITIONS = DEBUG;
				SWIFT_OPTIMIZATION_LEVEL = "-Onone";
			};
			name = Debug;
		};
		7EBA59DF284BA55800CEA6C0 /* Release */ = {
			isa = XCBuildConfiguration;
			buildSettings = {
				ALWAYS_SEARCH_USER_PATHS = NO;
				CLANG_ANALYZER_NONNULL = YES;
				CLANG_ANALYZER_NUMBER_OBJECT_CONVERSION = YES_AGGRESSIVE;
				CLANG_CXX_LANGUAGE_STANDARD = "gnu++17";
				CLANG_CXX_LIBRARY = "libc++";
				CLANG_ENABLE_MODULES = YES;
				CLANG_ENABLE_OBJC_ARC = YES;
				CLANG_ENABLE_OBJC_WEAK = YES;
				CLANG_WARN_BLOCK_CAPTURE_AUTORELEASING = YES;
				CLANG_WARN_BOOL_CONVERSION = YES;
				CLANG_WARN_COMMA = YES;
				CLANG_WARN_CONSTANT_CONVERSION = YES;
				CLANG_WARN_DEPRECATED_OBJC_IMPLEMENTATIONS = YES;
				CLANG_WARN_DIRECT_OBJC_ISA_USAGE = YES_ERROR;
				CLANG_WARN_DOCUMENTATION_COMMENTS = YES;
				CLANG_WARN_EMPTY_BODY = YES;
				CLANG_WARN_ENUM_CONVERSION = YES;
				CLANG_WARN_INFINITE_RECURSION = YES;
				CLANG_WARN_INT_CONVERSION = YES;
				CLANG_WARN_NON_LITERAL_NULL_CONVERSION = YES;
				CLANG_WARN_OBJC_IMPLICIT_RETAIN_SELF = YES;
				CLANG_WARN_OBJC_LITERAL_CONVERSION = YES;
				CLANG_WARN_OBJC_ROOT_CLASS = YES_ERROR;
				CLANG_WARN_QUOTED_INCLUDE_IN_FRAMEWORK_HEADER = YES;
				CLANG_WARN_RANGE_LOOP_ANALYSIS = YES;
				CLANG_WARN_STRICT_PROTOTYPES = YES;
				CLANG_WARN_SUSPICIOUS_MOVE = YES;
				CLANG_WARN_UNGUARDED_AVAILABILITY = YES_AGGRESSIVE;
				CLANG_WARN_UNREACHABLE_CODE = YES;
				CLANG_WARN__DUPLICATE_METHOD_MATCH = YES;
				COPY_PHASE_STRIP = NO;
				DEBUG_INFORMATION_FORMAT = "dwarf-with-dsym";
				ENABLE_NS_ASSERTIONS = NO;
				ENABLE_STRICT_OBJC_MSGSEND = YES;
				GCC_C_LANGUAGE_STANDARD = gnu11;
				GCC_NO_COMMON_BLOCKS = YES;
				GCC_WARN_64_TO_32_BIT_CONVERSION = YES;
				GCC_WARN_ABOUT_RETURN_TYPE = YES_ERROR;
				GCC_WARN_UNDECLARED_SELECTOR = YES;
				GCC_WARN_UNINITIALIZED_AUTOS = YES_AGGRESSIVE;
				GCC_WARN_UNUSED_FUNCTION = YES;
				GCC_WARN_UNUSED_VARIABLE = YES;
				IPHONEOS_DEPLOYMENT_TARGET = 15.2;
				MTL_ENABLE_DEBUG_INFO = NO;
				MTL_FAST_MATH = YES;
				SDKROOT = iphoneos;
				SWIFT_COMPILATION_MODE = wholemodule;
				SWIFT_OPTIMIZATION_LEVEL = "-O";
				VALIDATE_PRODUCT = YES;
			};
			name = Release;
		};
		7EBA59E1284BA55800CEA6C0 /* Debug */ = {
			isa = XCBuildConfiguration;
			buildSettings = {
				ASSETCATALOG_COMPILER_APPICON_NAME = AppIcon;
				ASSETCATALOG_COMPILER_GLOBAL_ACCENT_COLOR_NAME = AccentColor;
				CODE_SIGN_STYLE = Automatic;
				CURRENT_PROJECT_VERSION = 1;
				DEVELOPMENT_TEAM = Z6NNV348NG;
				GENERATE_INFOPLIST_FILE = YES;
				INFOPLIST_FILE = PrimerDemo/Info.plist;
				INFOPLIST_KEY_UIApplicationSupportsIndirectInputEvents = YES;
				INFOPLIST_KEY_UILaunchStoryboardName = LaunchScreen;
				INFOPLIST_KEY_UISupportedInterfaceOrientations_iPad = "UIInterfaceOrientationPortrait UIInterfaceOrientationPortraitUpsideDown UIInterfaceOrientationLandscapeLeft UIInterfaceOrientationLandscapeRight";
				INFOPLIST_KEY_UISupportedInterfaceOrientations_iPhone = "UIInterfaceOrientationPortrait UIInterfaceOrientationLandscapeLeft UIInterfaceOrientationLandscapeRight";
				LD_RUNPATH_SEARCH_PATHS = (
					"$(inherited)",
					"@executable_path/Frameworks",
				);
				MARKETING_VERSION = 1.0;
				PRODUCT_BUNDLE_IDENTIFIER = com.vwallet.PrimerDemo;
				PRODUCT_NAME = "$(TARGET_NAME)";
				SWIFT_EMIT_LOC_STRINGS = YES;
				SWIFT_VERSION = 5.0;
				TARGETED_DEVICE_FAMILY = "1,2";
			};
			name = Debug;
		};
		7EBA59E2284BA55800CEA6C0 /* Release */ = {
			isa = XCBuildConfiguration;
			buildSettings = {
				ASSETCATALOG_COMPILER_APPICON_NAME = AppIcon;
				ASSETCATALOG_COMPILER_GLOBAL_ACCENT_COLOR_NAME = AccentColor;
				CODE_SIGN_STYLE = Automatic;
				CURRENT_PROJECT_VERSION = 1;
				DEVELOPMENT_TEAM = Z6NNV348NG;
				GENERATE_INFOPLIST_FILE = YES;
				INFOPLIST_FILE = PrimerDemo/Info.plist;
				INFOPLIST_KEY_UIApplicationSupportsIndirectInputEvents = YES;
				INFOPLIST_KEY_UILaunchStoryboardName = LaunchScreen;
				INFOPLIST_KEY_UISupportedInterfaceOrientations_iPad = "UIInterfaceOrientationPortrait UIInterfaceOrientationPortraitUpsideDown UIInterfaceOrientationLandscapeLeft UIInterfaceOrientationLandscapeRight";
				INFOPLIST_KEY_UISupportedInterfaceOrientations_iPhone = "UIInterfaceOrientationPortrait UIInterfaceOrientationLandscapeLeft UIInterfaceOrientationLandscapeRight";
				LD_RUNPATH_SEARCH_PATHS = (
					"$(inherited)",
					"@executable_path/Frameworks",
				);
				MARKETING_VERSION = 1.0;
				PRODUCT_BUNDLE_IDENTIFIER = com.vwallet.PrimerDemo;
				PRODUCT_NAME = "$(TARGET_NAME)";
				SWIFT_EMIT_LOC_STRINGS = YES;
				SWIFT_VERSION = 5.0;
				TARGETED_DEVICE_FAMILY = "1,2";
			};
			name = Release;
		};
		7EBA59E4284BA55800CEA6C0 /* Debug */ = {
			isa = XCBuildConfiguration;
			buildSettings = {
				ALWAYS_EMBED_SWIFT_STANDARD_LIBRARIES = YES;
				BUNDLE_LOADER = "$(TEST_HOST)";
				CODE_SIGN_STYLE = Automatic;
				CURRENT_PROJECT_VERSION = 1;
				DEVELOPMENT_TEAM = Z6NNV348NG;
				GENERATE_INFOPLIST_FILE = YES;
				IPHONEOS_DEPLOYMENT_TARGET = 15.2;
				MARKETING_VERSION = 1.0;
				PRODUCT_BUNDLE_IDENTIFIER = com.vwallet.PrimerDemoTests;
				PRODUCT_NAME = "$(TARGET_NAME)";
				SWIFT_EMIT_LOC_STRINGS = NO;
				SWIFT_VERSION = 5.0;
				TARGETED_DEVICE_FAMILY = "1,2";
				TEST_HOST = "$(BUILT_PRODUCTS_DIR)/PrimerDemo.app/PrimerDemo";
			};
			name = Debug;
		};
		7EBA59E5284BA55800CEA6C0 /* Release */ = {
			isa = XCBuildConfiguration;
			buildSettings = {
				ALWAYS_EMBED_SWIFT_STANDARD_LIBRARIES = YES;
				BUNDLE_LOADER = "$(TEST_HOST)";
				CODE_SIGN_STYLE = Automatic;
				CURRENT_PROJECT_VERSION = 1;
				DEVELOPMENT_TEAM = Z6NNV348NG;
				GENERATE_INFOPLIST_FILE = YES;
				IPHONEOS_DEPLOYMENT_TARGET = 15.2;
				MARKETING_VERSION = 1.0;
				PRODUCT_BUNDLE_IDENTIFIER = com.vwallet.PrimerDemoTests;
				PRODUCT_NAME = "$(TARGET_NAME)";
				SWIFT_EMIT_LOC_STRINGS = NO;
				SWIFT_VERSION = 5.0;
				TARGETED_DEVICE_FAMILY = "1,2";
				TEST_HOST = "$(BUILT_PRODUCTS_DIR)/PrimerDemo.app/PrimerDemo";
			};
			name = Release;
		};
		7EBA59E7284BA55800CEA6C0 /* Debug */ = {
			isa = XCBuildConfiguration;
			buildSettings = {
				ALWAYS_EMBED_SWIFT_STANDARD_LIBRARIES = YES;
				CODE_SIGN_STYLE = Automatic;
				CURRENT_PROJECT_VERSION = 1;
				DEVELOPMENT_TEAM = Z6NNV348NG;
				GENERATE_INFOPLIST_FILE = YES;
				MARKETING_VERSION = 1.0;
				PRODUCT_BUNDLE_IDENTIFIER = com.vwallet.PrimerDemoUITests;
				PRODUCT_NAME = "$(TARGET_NAME)";
				SWIFT_EMIT_LOC_STRINGS = NO;
				SWIFT_VERSION = 5.0;
				TARGETED_DEVICE_FAMILY = "1,2";
				TEST_TARGET_NAME = PrimerDemo;
			};
			name = Debug;
		};
		7EBA59E8284BA55800CEA6C0 /* Release */ = {
			isa = XCBuildConfiguration;
			buildSettings = {
				ALWAYS_EMBED_SWIFT_STANDARD_LIBRARIES = YES;
				CODE_SIGN_STYLE = Automatic;
				CURRENT_PROJECT_VERSION = 1;
				DEVELOPMENT_TEAM = Z6NNV348NG;
				GENERATE_INFOPLIST_FILE = YES;
				MARKETING_VERSION = 1.0;
				PRODUCT_BUNDLE_IDENTIFIER = com.vwallet.PrimerDemoUITests;
				PRODUCT_NAME = "$(TARGET_NAME)";
				SWIFT_EMIT_LOC_STRINGS = NO;
				SWIFT_VERSION = 5.0;
				TARGETED_DEVICE_FAMILY = "1,2";
				TEST_TARGET_NAME = PrimerDemo;
			};
			name = Release;
		};
/* End XCBuildConfiguration section */

/* Begin XCConfigurationList section */
		7EBA59B1284BA55500CEA6C0 /* Build configuration list for PBXProject "PrimerDemo" */ = {
			isa = XCConfigurationList;
			buildConfigurations = (
				7EBA59DE284BA55800CEA6C0 /* Debug */,
				7EBA59DF284BA55800CEA6C0 /* Release */,
			);
			defaultConfigurationIsVisible = 0;
			defaultConfigurationName = Release;
		};
		7EBA59E0284BA55800CEA6C0 /* Build configuration list for PBXNativeTarget "PrimerDemo" */ = {
			isa = XCConfigurationList;
			buildConfigurations = (
				7EBA59E1284BA55800CEA6C0 /* Debug */,
				7EBA59E2284BA55800CEA6C0 /* Release */,
			);
			defaultConfigurationIsVisible = 0;
			defaultConfigurationName = Release;
		};
		7EBA59E3284BA55800CEA6C0 /* Build configuration list for PBXNativeTarget "PrimerDemoTests" */ = {
			isa = XCConfigurationList;
			buildConfigurations = (
				7EBA59E4284BA55800CEA6C0 /* Debug */,
				7EBA59E5284BA55800CEA6C0 /* Release */,
			);
			defaultConfigurationIsVisible = 0;
			defaultConfigurationName = Release;
		};
		7EBA59E6284BA55800CEA6C0 /* Build configuration list for PBXNativeTarget "PrimerDemoUITests" */ = {
			isa = XCConfigurationList;
			buildConfigurations = (
				7EBA59E7284BA55800CEA6C0 /* Debug */,
				7EBA59E8284BA55800CEA6C0 /* Release */,
			);
			defaultConfigurationIsVisible = 0;
			defaultConfigurationName = Release;
		};
/* End XCConfigurationList section */

/* Begin XCSwiftPackageProductDependency section */
		7EBA59EC284BA5EF00CEA6C0 /* Primer */ = {
			isa = XCSwiftPackageProductDependency;
			productName = Primer;
		};
/* End XCSwiftPackageProductDependency section */
	};
	rootObject = 7EBA59AE284BA55500CEA6C0 /* Project object */;
}
